// !$*UTF8*$!
{
	archiveVersion = 1;
	classes = {
	};
	objectVersion = 56;
	objects = {

/* Begin PBXBuildFile section */
		C3E711A02AE136CD00C9A1C1 /* WikiDeeplinkingTestAppApp.swift in Sources */ = {isa = PBXBuildFile; fileRef = C3E7119F2AE136CD00C9A1C1 /* WikiDeeplinkingTestAppApp.swift */; };
		C3E711A22AE136CD00C9A1C1 /* LocationsListView.swift in Sources */ = {isa = PBXBuildFile; fileRef = C3E711A12AE136CD00C9A1C1 /* LocationsListView.swift */; };
		C3E711A42AE136CF00C9A1C1 /* Assets.xcassets in Resources */ = {isa = PBXBuildFile; fileRef = C3E711A32AE136CF00C9A1C1 /* Assets.xcassets */; };
		C3E711A72AE136CF00C9A1C1 /* Preview Assets.xcassets in Resources */ = {isa = PBXBuildFile; fileRef = C3E711A62AE136CF00C9A1C1 /* Preview Assets.xcassets */; };
		C3E711AE2AE13A4B00C9A1C1 /* LocationItemsLoader.swift in Sources */ = {isa = PBXBuildFile; fileRef = C3E711AD2AE13A4B00C9A1C1 /* LocationItemsLoader.swift */; };
		C3E711B02AE1449700C9A1C1 /* WikiLinksBuilder.swift in Sources */ = {isa = PBXBuildFile; fileRef = C3E711AF2AE1449700C9A1C1 /* WikiLinksBuilder.swift */; };
		C3E711B22AE153D700C9A1C1 /* LocationsListViewModel.swift in Sources */ = {isa = PBXBuildFile; fileRef = C3E711B12AE153D700C9A1C1 /* LocationsListViewModel.swift */; };
		C3E711B42AE153F700C9A1C1 /* LocationsListViewState.swift in Sources */ = {isa = PBXBuildFile; fileRef = C3E711B32AE153F700C9A1C1 /* LocationsListViewState.swift */; };
		C3E711B62AE1552900C9A1C1 /* LocationsListViewEvent.swift in Sources */ = {isa = PBXBuildFile; fileRef = C3E711B52AE1552900C9A1C1 /* LocationsListViewEvent.swift */; };
		C3E711B82AE179AD00C9A1C1 /* LocationEditView.swift in Sources */ = {isa = PBXBuildFile; fileRef = C3E711B72AE179AD00C9A1C1 /* LocationEditView.swift */; };
/* End PBXBuildFile section */

/* Begin PBXFileReference section */
		C3E7119C2AE136CD00C9A1C1 /* WikiDeeplinkingTestApp.app */ = {isa = PBXFileReference; explicitFileType = wrapper.application; includeInIndex = 0; path = WikiDeeplinkingTestApp.app; sourceTree = BUILT_PRODUCTS_DIR; };
		C3E7119F2AE136CD00C9A1C1 /* WikiDeeplinkingTestAppApp.swift */ = {isa = PBXFileReference; lastKnownFileType = sourcecode.swift; path = WikiDeeplinkingTestAppApp.swift; sourceTree = "<group>"; };
		C3E711A12AE136CD00C9A1C1 /* LocationsListView.swift */ = {isa = PBXFileReference; lastKnownFileType = sourcecode.swift; path = LocationsListView.swift; sourceTree = "<group>"; };
		C3E711A32AE136CF00C9A1C1 /* Assets.xcassets */ = {isa = PBXFileReference; lastKnownFileType = folder.assetcatalog; path = Assets.xcassets; sourceTree = "<group>"; };
		C3E711A62AE136CF00C9A1C1 /* Preview Assets.xcassets */ = {isa = PBXFileReference; lastKnownFileType = folder.assetcatalog; path = "Preview Assets.xcassets"; sourceTree = "<group>"; };
		C3E711AD2AE13A4B00C9A1C1 /* LocationItemsLoader.swift */ = {isa = PBXFileReference; lastKnownFileType = sourcecode.swift; path = LocationItemsLoader.swift; sourceTree = "<group>"; };
		C3E711AF2AE1449700C9A1C1 /* WikiLinksBuilder.swift */ = {isa = PBXFileReference; lastKnownFileType = sourcecode.swift; path = WikiLinksBuilder.swift; sourceTree = "<group>"; };
		C3E711B12AE153D700C9A1C1 /* LocationsListViewModel.swift */ = {isa = PBXFileReference; lastKnownFileType = sourcecode.swift; path = LocationsListViewModel.swift; sourceTree = "<group>"; };
		C3E711B32AE153F700C9A1C1 /* LocationsListViewState.swift */ = {isa = PBXFileReference; lastKnownFileType = sourcecode.swift; path = LocationsListViewState.swift; sourceTree = "<group>"; };
		C3E711B52AE1552900C9A1C1 /* LocationsListViewEvent.swift */ = {isa = PBXFileReference; lastKnownFileType = sourcecode.swift; path = LocationsListViewEvent.swift; sourceTree = "<group>"; };
		C3E711B72AE179AD00C9A1C1 /* LocationEditView.swift */ = {isa = PBXFileReference; lastKnownFileType = sourcecode.swift; path = LocationEditView.swift; sourceTree = "<group>"; };
/* End PBXFileReference section */

/* Begin PBXFrameworksBuildPhase section */
		C3E711992AE136CD00C9A1C1 /* Frameworks */ = {
			isa = PBXFrameworksBuildPhase;
			buildActionMask = 2147483647;
			files = (
			);
			runOnlyForDeploymentPostprocessing = 0;
		};
/* End PBXFrameworksBuildPhase section */

/* Begin PBXGroup section */
		C3378F0F2AE185AC005E6DC6 /* MVVM */ = {
			isa = PBXGroup;
			children = (
				C3E711A12AE136CD00C9A1C1 /* LocationsListView.swift */,
				C3E711B52AE1552900C9A1C1 /* LocationsListViewEvent.swift */,
				C3E711B32AE153F700C9A1C1 /* LocationsListViewState.swift */,
				C3E711B12AE153D700C9A1C1 /* LocationsListViewModel.swift */,
				C3378F102AE185BD005E6DC6 /* Subviews */,
			);
			path = MVVM;
			sourceTree = "<group>";
		};
		C3378F102AE185BD005E6DC6 /* Subviews */ = {
			isa = PBXGroup;
			children = (
				C3E711B72AE179AD00C9A1C1 /* LocationEditView.swift */,
			);
			path = Subviews;
			sourceTree = "<group>";
		};
		C3E711932AE136CD00C9A1C1 = {
			isa = PBXGroup;
			children = (
				C3E7119E2AE136CD00C9A1C1 /* WikiDeeplinkingTestApp */,
				C3E7119D2AE136CD00C9A1C1 /* Products */,
			);
			sourceTree = "<group>";
		};
		C3E7119D2AE136CD00C9A1C1 /* Products */ = {
			isa = PBXGroup;
			children = (
				C3E7119C2AE136CD00C9A1C1 /* WikiDeeplinkingTestApp.app */,
			);
			name = Products;
			sourceTree = "<group>";
		};
		C3E7119E2AE136CD00C9A1C1 /* WikiDeeplinkingTestApp */ = {
			isa = PBXGroup;
			children = (
				C3E7119F2AE136CD00C9A1C1 /* WikiDeeplinkingTestAppApp.swift */,
				C3378F0F2AE185AC005E6DC6 /* MVVM */,
				C3E711AD2AE13A4B00C9A1C1 /* LocationItemsLoader.swift */,
				C3E711AF2AE1449700C9A1C1 /* WikiLinksBuilder.swift */,
				C3E711A32AE136CF00C9A1C1 /* Assets.xcassets */,
				C3E711A52AE136CF00C9A1C1 /* Preview Content */,
			);
			path = WikiDeeplinkingTestApp;
			sourceTree = "<group>";
		};
		C3E711A52AE136CF00C9A1C1 /* Preview Content */ = {
			isa = PBXGroup;
			children = (
				C3E711A62AE136CF00C9A1C1 /* Preview Assets.xcassets */,
			);
			path = "Preview Content";
			sourceTree = "<group>";
		};
/* End PBXGroup section */

/* Begin PBXNativeTarget section */
		C3E7119B2AE136CD00C9A1C1 /* WikiDeeplinkingTestApp */ = {
			isa = PBXNativeTarget;
			buildConfigurationList = C3E711AA2AE136CF00C9A1C1 /* Build configuration list for PBXNativeTarget "WikiDeeplinkingTestApp" */;
			buildPhases = (
				C3E711982AE136CD00C9A1C1 /* Sources */,
				C3E711992AE136CD00C9A1C1 /* Frameworks */,
				C3E7119A2AE136CD00C9A1C1 /* Resources */,
			);
			buildRules = (
			);
			dependencies = (
			);
			name = WikiDeeplinkingTestApp;
			productName = WikiDeeplinkingTestApp;
			productReference = C3E7119C2AE136CD00C9A1C1 /* WikiDeeplinkingTestApp.app */;
			productType = "com.apple.product-type.application";
		};
/* End PBXNativeTarget section */

/* Begin PBXProject section */
		C3E711942AE136CD00C9A1C1 /* Project object */ = {
			isa = PBXProject;
			attributes = {
				BuildIndependentTargetsInParallel = 1;
				LastSwiftUpdateCheck = 1430;
				LastUpgradeCheck = 1430;
				TargetAttributes = {
					C3E7119B2AE136CD00C9A1C1 = {
						CreatedOnToolsVersion = 14.3.1;
					};
				};
			};
			buildConfigurationList = C3E711972AE136CD00C9A1C1 /* Build configuration list for PBXProject "WikiDeeplinkingTestApp" */;
			compatibilityVersion = "Xcode 14.0";
			developmentRegion = en;
			hasScannedForEncodings = 0;
			knownRegions = (
				en,
				Base,
			);
			mainGroup = C3E711932AE136CD00C9A1C1;
			productRefGroup = C3E7119D2AE136CD00C9A1C1 /* Products */;
			projectDirPath = "";
			projectRoot = "";
			targets = (
				C3E7119B2AE136CD00C9A1C1 /* WikiDeeplinkingTestApp */,
			);
		};
/* End PBXProject section */

/* Begin PBXResourcesBuildPhase section */
		C3E7119A2AE136CD00C9A1C1 /* Resources */ = {
			isa = PBXResourcesBuildPhase;
			buildActionMask = 2147483647;
			files = (
				C3E711A72AE136CF00C9A1C1 /* Preview Assets.xcassets in Resources */,
				C3E711A42AE136CF00C9A1C1 /* Assets.xcassets in Resources */,
			);
			runOnlyForDeploymentPostprocessing = 0;
		};
/* End PBXResourcesBuildPhase section */

/* Begin PBXSourcesBuildPhase section */
		C3E711982AE136CD00C9A1C1 /* Sources */ = {
			isa = PBXSourcesBuildPhase;
			buildActionMask = 2147483647;
			files = (
				C3E711AE2AE13A4B00C9A1C1 /* LocationItemsLoader.swift in Sources */,
				C3E711B42AE153F700C9A1C1 /* LocationsListViewState.swift in Sources */,
				C3E711B02AE1449700C9A1C1 /* WikiLinksBuilder.swift in Sources */,
				C3E711B82AE179AD00C9A1C1 /* LocationEditView.swift in Sources */,
				C3E711B22AE153D700C9A1C1 /* LocationsListViewModel.swift in Sources */,
				C3E711A22AE136CD00C9A1C1 /* LocationsListView.swift in Sources */,
				C3E711B62AE1552900C9A1C1 /* LocationsListViewEvent.swift in Sources */,
				C3E711A02AE136CD00C9A1C1 /* WikiDeeplinkingTestAppApp.swift in Sources */,
			);
			runOnlyForDeploymentPostprocessing = 0;
		};
/* End PBXSourcesBuildPhase section */

/* Begin XCBuildConfiguration section */
		C3E711A82AE136CF00C9A1C1 /* Debug */ = {
			isa = XCBuildConfiguration;
			buildSettings = {
				ALWAYS_SEARCH_USER_PATHS = NO;
				CLANG_ANALYZER_NONNULL = YES;
				CLANG_ANALYZER_NUMBER_OBJECT_CONVERSION = YES_AGGRESSIVE;
				CLANG_CXX_LANGUAGE_STANDARD = "gnu++20";
				CLANG_ENABLE_MODULES = YES;
				CLANG_ENABLE_OBJC_ARC = YES;
				CLANG_ENABLE_OBJC_WEAK = YES;
				CLANG_WARN_BLOCK_CAPTURE_AUTORELEASING = YES;
				CLANG_WARN_BOOL_CONVERSION = YES;
				CLANG_WARN_COMMA = YES;
				CLANG_WARN_CONSTANT_CONVERSION = YES;
				CLANG_WARN_DEPRECATED_OBJC_IMPLEMENTATIONS = YES;
				CLANG_WARN_DIRECT_OBJC_ISA_USAGE = YES_ERROR;
				CLANG_WARN_DOCUMENTATION_COMMENTS = YES;
				CLANG_WARN_EMPTY_BODY = YES;
				CLANG_WARN_ENUM_CONVERSION = YES;
				CLANG_WARN_INFINITE_RECURSION = YES;
				CLANG_WARN_INT_CONVERSION = YES;
				CLANG_WARN_NON_LITERAL_NULL_CONVERSION = YES;
				CLANG_WARN_OBJC_IMPLICIT_RETAIN_SELF = YES;
				CLANG_WARN_OBJC_LITERAL_CONVERSION = YES;
				CLANG_WARN_OBJC_ROOT_CLASS = YES_ERROR;
				CLANG_WARN_QUOTED_INCLUDE_IN_FRAMEWORK_HEADER = YES;
				CLANG_WARN_RANGE_LOOP_ANALYSIS = YES;
				CLANG_WARN_STRICT_PROTOTYPES = YES;
				CLANG_WARN_SUSPICIOUS_MOVE = YES;
				CLANG_WARN_UNGUARDED_AVAILABILITY = YES_AGGRESSIVE;
				CLANG_WARN_UNREACHABLE_CODE = YES;
				CLANG_WARN__DUPLICATE_METHOD_MATCH = YES;
				COPY_PHASE_STRIP = NO;
				DEBUG_INFORMATION_FORMAT = dwarf;
				ENABLE_STRICT_OBJC_MSGSEND = YES;
				ENABLE_TESTABILITY = YES;
				GCC_C_LANGUAGE_STANDARD = gnu11;
				GCC_DYNAMIC_NO_PIC = NO;
				GCC_NO_COMMON_BLOCKS = YES;
				GCC_OPTIMIZATION_LEVEL = 0;
				GCC_PREPROCESSOR_DEFINITIONS = (
					"DEBUG=1",
					"$(inherited)",
				);
				GCC_WARN_64_TO_32_BIT_CONVERSION = YES;
				GCC_WARN_ABOUT_RETURN_TYPE = YES_ERROR;
				GCC_WARN_UNDECLARED_SELECTOR = YES;
				GCC_WARN_UNINITIALIZED_AUTOS = YES_AGGRESSIVE;
				GCC_WARN_UNUSED_FUNCTION = YES;
				GCC_WARN_UNUSED_VARIABLE = YES;
				IPHONEOS_DEPLOYMENT_TARGET = 16.4;
				MTL_ENABLE_DEBUG_INFO = INCLUDE_SOURCE;
				MTL_FAST_MATH = YES;
				ONLY_ACTIVE_ARCH = YES;
				SDKROOT = iphoneos;
				SWIFT_ACTIVE_COMPILATION_CONDITIONS = DEBUG;
				SWIFT_OPTIMIZATION_LEVEL = "-Onone";
			};
			name = Debug;
		};
		C3E711A92AE136CF00C9A1C1 /* Release */ = {
			isa = XCBuildConfiguration;
			buildSettings = {
				ALWAYS_SEARCH_USER_PATHS = NO;
				CLANG_ANALYZER_NONNULL = YES;
				CLANG_ANALYZER_NUMBER_OBJECT_CONVERSION = YES_AGGRESSIVE;
				CLANG_CXX_LANGUAGE_STANDARD = "gnu++20";
				CLANG_ENABLE_MODULES = YES;
				CLANG_ENABLE_OBJC_ARC = YES;
				CLANG_ENABLE_OBJC_WEAK = YES;
				CLANG_WARN_BLOCK_CAPTURE_AUTORELEASING = YES;
				CLANG_WARN_BOOL_CONVERSION = YES;
				CLANG_WARN_COMMA = YES;
				CLANG_WARN_CONSTANT_CONVERSION = YES;
				CLANG_WARN_DEPRECATED_OBJC_IMPLEMENTATIONS = YES;
				CLANG_WARN_DIRECT_OBJC_ISA_USAGE = YES_ERROR;
				CLANG_WARN_DOCUMENTATION_COMMENTS = YES;
				CLANG_WARN_EMPTY_BODY = YES;
				CLANG_WARN_ENUM_CONVERSION = YES;
				CLANG_WARN_INFINITE_RECURSION = YES;
				CLANG_WARN_INT_CONVERSION = YES;
				CLANG_WARN_NON_LITERAL_NULL_CONVERSION = YES;
				CLANG_WARN_OBJC_IMPLICIT_RETAIN_SELF = YES;
				CLANG_WARN_OBJC_LITERAL_CONVERSION = YES;
				CLANG_WARN_OBJC_ROOT_CLASS = YES_ERROR;
				CLANG_WARN_QUOTED_INCLUDE_IN_FRAMEWORK_HEADER = YES;
				CLANG_WARN_RANGE_LOOP_ANALYSIS = YES;
				CLANG_WARN_STRICT_PROTOTYPES = YES;
				CLANG_WARN_SUSPICIOUS_MOVE = YES;
				CLANG_WARN_UNGUARDED_AVAILABILITY = YES_AGGRESSIVE;
				CLANG_WARN_UNREACHABLE_CODE = YES;
				CLANG_WARN__DUPLICATE_METHOD_MATCH = YES;
				COPY_PHASE_STRIP = NO;
				DEBUG_INFORMATION_FORMAT = "dwarf-with-dsym";
				ENABLE_NS_ASSERTIONS = NO;
				ENABLE_STRICT_OBJC_MSGSEND = YES;
				GCC_C_LANGUAGE_STANDARD = gnu11;
				GCC_NO_COMMON_BLOCKS = YES;
				GCC_WARN_64_TO_32_BIT_CONVERSION = YES;
				GCC_WARN_ABOUT_RETURN_TYPE = YES_ERROR;
				GCC_WARN_UNDECLARED_SELECTOR = YES;
				GCC_WARN_UNINITIALIZED_AUTOS = YES_AGGRESSIVE;
				GCC_WARN_UNUSED_FUNCTION = YES;
				GCC_WARN_UNUSED_VARIABLE = YES;
				IPHONEOS_DEPLOYMENT_TARGET = 16.4;
				MTL_ENABLE_DEBUG_INFO = NO;
				MTL_FAST_MATH = YES;
				SDKROOT = iphoneos;
				SWIFT_COMPILATION_MODE = wholemodule;
				SWIFT_OPTIMIZATION_LEVEL = "-O";
				VALIDATE_PRODUCT = YES;
			};
			name = Release;
		};
		C3E711AB2AE136CF00C9A1C1 /* Debug */ = {
			isa = XCBuildConfiguration;
			buildSettings = {
				ASSETCATALOG_COMPILER_APPICON_NAME = AppIcon;
				ASSETCATALOG_COMPILER_GLOBAL_ACCENT_COLOR_NAME = AccentColor;
				CODE_SIGN_STYLE = Automatic;
				CURRENT_PROJECT_VERSION = 1;
				DEVELOPMENT_ASSET_PATHS = "\"WikiDeeplinkingTestApp/Preview Content\"";
				ENABLE_PREVIEWS = YES;
				GENERATE_INFOPLIST_FILE = YES;
				INFOPLIST_KEY_UIApplicationSceneManifest_Generation = YES;
				INFOPLIST_KEY_UIApplicationSupportsIndirectInputEvents = YES;
				INFOPLIST_KEY_UILaunchScreen_Generation = YES;
				INFOPLIST_KEY_UISupportedInterfaceOrientations_iPad = "UIInterfaceOrientationPortrait UIInterfaceOrientationPortraitUpsideDown UIInterfaceOrientationLandscapeLeft UIInterfaceOrientationLandscapeRight";
				INFOPLIST_KEY_UISupportedInterfaceOrientations_iPhone = "UIInterfaceOrientationPortrait UIInterfaceOrientationLandscapeLeft UIInterfaceOrientationLandscapeRight";
				LD_RUNPATH_SEARCH_PATHS = (
					"$(inherited)",
					"@executable_path/Frameworks",
				);
				MARKETING_VERSION = 1.0;
				PRODUCT_BUNDLE_IDENTIFIER = com.vkornieiev.WikiDeeplinkingTestApp;
				PRODUCT_NAME = "$(TARGET_NAME)";
				SWIFT_EMIT_LOC_STRINGS = YES;
				SWIFT_VERSION = 5.0;
				TARGETED_DEVICE_FAMILY = "1,2";
			};
			name = Debug;
		};
		C3E711AC2AE136CF00C9A1C1 /* Release */ = {
			isa = XCBuildConfiguration;
			buildSettings = {
				ASSETCATALOG_COMPILER_APPICON_NAME = AppIcon;
				ASSETCATALOG_COMPILER_GLOBAL_ACCENT_COLOR_NAME = AccentColor;
				CODE_SIGN_STYLE = Automatic;
				CURRENT_PROJECT_VERSION = 1;
				DEVELOPMENT_ASSET_PATHS = "\"WikiDeeplinkingTestApp/Preview Content\"";
				ENABLE_PREVIEWS = YES;
				GENERATE_INFOPLIST_FILE = YES;
				INFOPLIST_KEY_UIApplicationSceneManifest_Generation = YES;
				INFOPLIST_KEY_UIApplicationSupportsIndirectInputEvents = YES;
				INFOPLIST_KEY_UILaunchScreen_Generation = YES;
				INFOPLIST_KEY_UISupportedInterfaceOrientations_iPad = "UIInterfaceOrientationPortrait UIInterfaceOrientationPortraitUpsideDown UIInterfaceOrientationLandscapeLeft UIInterfaceOrientationLandscapeRight";
				INFOPLIST_KEY_UISupportedInterfaceOrientations_iPhone = "UIInterfaceOrientationPortrait UIInterfaceOrientationLandscapeLeft UIInterfaceOrientationLandscapeRight";
				LD_RUNPATH_SEARCH_PATHS = (
					"$(inherited)",
					"@executable_path/Frameworks",
				);
				MARKETING_VERSION = 1.0;
				PRODUCT_BUNDLE_IDENTIFIER = com.vkornieiev.WikiDeeplinkingTestApp;
				PRODUCT_NAME = "$(TARGET_NAME)";
				SWIFT_EMIT_LOC_STRINGS = YES;
				SWIFT_VERSION = 5.0;
				TARGETED_DEVICE_FAMILY = "1,2";
			};
			name = Release;
		};
/* End XCBuildConfiguration section */

/* Begin XCConfigurationList section */
		C3E711972AE136CD00C9A1C1 /* Build configuration list for PBXProject "WikiDeeplinkingTestApp" */ = {
			isa = XCConfigurationList;
			buildConfigurations = (
				C3E711A82AE136CF00C9A1C1 /* Debug */,
				C3E711A92AE136CF00C9A1C1 /* Release */,
			);
			defaultConfigurationIsVisible = 0;
			defaultConfigurationName = Release;
		};
		C3E711AA2AE136CF00C9A1C1 /* Build configuration list for PBXNativeTarget "WikiDeeplinkingTestApp" */ = {
			isa = XCConfigurationList;
			buildConfigurations = (
				C3E711AB2AE136CF00C9A1C1 /* Debug */,
				C3E711AC2AE136CF00C9A1C1 /* Release */,
			);
			defaultConfigurationIsVisible = 0;
			defaultConfigurationName = Release;
		};
/* End XCConfigurationList section */
	};
	rootObject = C3E711942AE136CD00C9A1C1 /* Project object */;
}
